// !$*UTF8*$!
{
	archiveVersion = 1;
	classes = {
	};
	objectVersion = 50;
	objects = {

/* Begin PBXBuildFile section */
		477BB90123DA518A00DBE0A3 /* AppDelegate.swift in Sources */ = {isa = PBXBuildFile; fileRef = 477BB90023DA518A00DBE0A3 /* AppDelegate.swift */; };
		477BB90323DA518A00DBE0A3 /* SceneDelegate.swift in Sources */ = {isa = PBXBuildFile; fileRef = 477BB90223DA518A00DBE0A3 /* SceneDelegate.swift */; };
		477BB90523DA518A00DBE0A3 /* ViewController.swift in Sources */ = {isa = PBXBuildFile; fileRef = 477BB90423DA518A00DBE0A3 /* ViewController.swift */; };
		477BB90823DA518A00DBE0A3 /* Main.storyboard in Resources */ = {isa = PBXBuildFile; fileRef = 477BB90623DA518A00DBE0A3 /* Main.storyboard */; };
		477BB90A23DA518B00DBE0A3 /* Assets.xcassets in Resources */ = {isa = PBXBuildFile; fileRef = 477BB90923DA518B00DBE0A3 /* Assets.xcassets */; };
		477BB90D23DA518B00DBE0A3 /* LaunchScreen.storyboard in Resources */ = {isa = PBXBuildFile; fileRef = 477BB90B23DA518B00DBE0A3 /* LaunchScreen.storyboard */; };
		477BB91823DA518B00DBE0A3 /* CIGithubTestTests.swift in Sources */ = {isa = PBXBuildFile; fileRef = 477BB91723DA518B00DBE0A3 /* CIGithubTestTests.swift */; };
		477BB92323DA518B00DBE0A3 /* CIGithubTestUITests.swift in Sources */ = {isa = PBXBuildFile; fileRef = 477BB92223DA518B00DBE0A3 /* CIGithubTestUITests.swift */; };
		477BB93123DA51C700DBE0A3 /* DataManager.swift in Sources */ = {isa = PBXBuildFile; fileRef = 477BB93023DA51C700DBE0A3 /* DataManager.swift */; };
		477BB93223DA51C700DBE0A3 /* DataManager.swift in Sources */ = {isa = PBXBuildFile; fileRef = 477BB93023DA51C700DBE0A3 /* DataManager.swift */; };
		477BB93323DA51C700DBE0A3 /* DataManager.swift in Sources */ = {isa = PBXBuildFile; fileRef = 477BB93023DA51C700DBE0A3 /* DataManager.swift */; };
/* End PBXBuildFile section */

/* Begin PBXContainerItemProxy section */
		477BB91423DA518B00DBE0A3 /* PBXContainerItemProxy */ = {
			isa = PBXContainerItemProxy;
			containerPortal = 477BB8F523DA518A00DBE0A3 /* Project object */;
			proxyType = 1;
			remoteGlobalIDString = 477BB8FC23DA518A00DBE0A3;
			remoteInfo = CIGithubTest;
		};
		477BB91F23DA518B00DBE0A3 /* PBXContainerItemProxy */ = {
			isa = PBXContainerItemProxy;
			containerPortal = 477BB8F523DA518A00DBE0A3 /* Project object */;
			proxyType = 1;
			remoteGlobalIDString = 477BB8FC23DA518A00DBE0A3;
			remoteInfo = CIGithubTest;
		};
/* End PBXContainerItemProxy section */

/* Begin PBXFileReference section */
		477BB8FD23DA518A00DBE0A3 /* CIGithubTest.app */ = {isa = PBXFileReference; explicitFileType = wrapper.application; includeInIndex = 0; path = CIGithubTest.app; sourceTree = BUILT_PRODUCTS_DIR; };
		477BB90023DA518A00DBE0A3 /* AppDelegate.swift */ = {isa = PBXFileReference; lastKnownFileType = sourcecode.swift; path = AppDelegate.swift; sourceTree = "<group>"; };
		477BB90223DA518A00DBE0A3 /* SceneDelegate.swift */ = {isa = PBXFileReference; lastKnownFileType = sourcecode.swift; path = SceneDelegate.swift; sourceTree = "<group>"; };
		477BB90423DA518A00DBE0A3 /* ViewController.swift */ = {isa = PBXFileReference; lastKnownFileType = sourcecode.swift; path = ViewController.swift; sourceTree = "<group>"; };
		477BB90723DA518A00DBE0A3 /* Base */ = {isa = PBXFileReference; lastKnownFileType = file.storyboard; name = Base; path = Base.lproj/Main.storyboard; sourceTree = "<group>"; };
		477BB90923DA518B00DBE0A3 /* Assets.xcassets */ = {isa = PBXFileReference; lastKnownFileType = folder.assetcatalog; path = Assets.xcassets; sourceTree = "<group>"; };
		477BB90C23DA518B00DBE0A3 /* Base */ = {isa = PBXFileReference; lastKnownFileType = file.storyboard; name = Base; path = Base.lproj/LaunchScreen.storyboard; sourceTree = "<group>"; };
		477BB90E23DA518B00DBE0A3 /* Info.plist */ = {isa = PBXFileReference; lastKnownFileType = text.plist.xml; path = Info.plist; sourceTree = "<group>"; };
		477BB91323DA518B00DBE0A3 /* CIGithubTestTests.xctest */ = {isa = PBXFileReference; explicitFileType = wrapper.cfbundle; includeInIndex = 0; path = CIGithubTestTests.xctest; sourceTree = BUILT_PRODUCTS_DIR; };
		477BB91723DA518B00DBE0A3 /* CIGithubTestTests.swift */ = {isa = PBXFileReference; lastKnownFileType = sourcecode.swift; path = CIGithubTestTests.swift; sourceTree = "<group>"; };
		477BB91923DA518B00DBE0A3 /* Info.plist */ = {isa = PBXFileReference; lastKnownFileType = text.plist.xml; path = Info.plist; sourceTree = "<group>"; };
		477BB91E23DA518B00DBE0A3 /* CIGithubTestUITests.xctest */ = {isa = PBXFileReference; explicitFileType = wrapper.cfbundle; includeInIndex = 0; path = CIGithubTestUITests.xctest; sourceTree = BUILT_PRODUCTS_DIR; };
		477BB92223DA518B00DBE0A3 /* CIGithubTestUITests.swift */ = {isa = PBXFileReference; lastKnownFileType = sourcecode.swift; path = CIGithubTestUITests.swift; sourceTree = "<group>"; };
		477BB92423DA518B00DBE0A3 /* Info.plist */ = {isa = PBXFileReference; lastKnownFileType = text.plist.xml; path = Info.plist; sourceTree = "<group>"; };
		477BB93023DA51C700DBE0A3 /* DataManager.swift */ = {isa = PBXFileReference; lastKnownFileType = sourcecode.swift; path = DataManager.swift; sourceTree = "<group>"; };
/* End PBXFileReference section */

/* Begin PBXFrameworksBuildPhase section */
		477BB8FA23DA518A00DBE0A3 /* Frameworks */ = {
			isa = PBXFrameworksBuildPhase;
			buildActionMask = 2147483647;
			files = (
			);
			runOnlyForDeploymentPostprocessing = 0;
		};
		477BB91023DA518B00DBE0A3 /* Frameworks */ = {
			isa = PBXFrameworksBuildPhase;
			buildActionMask = 2147483647;
			files = (
			);
			runOnlyForDeploymentPostprocessing = 0;
		};
		477BB91B23DA518B00DBE0A3 /* Frameworks */ = {
			isa = PBXFrameworksBuildPhase;
			buildActionMask = 2147483647;
			files = (
			);
			runOnlyForDeploymentPostprocessing = 0;
		};
/* End PBXFrameworksBuildPhase section */

/* Begin PBXGroup section */
		477BB8F423DA518A00DBE0A3 = {
			isa = PBXGroup;
			children = (
				477BB8FF23DA518A00DBE0A3 /* CIGithubTest */,
				477BB91623DA518B00DBE0A3 /* CIGithubTestTests */,
				477BB92123DA518B00DBE0A3 /* CIGithubTestUITests */,
				477BB8FE23DA518A00DBE0A3 /* Products */,
			);
			sourceTree = "<group>";
		};
		477BB8FE23DA518A00DBE0A3 /* Products */ = {
			isa = PBXGroup;
			children = (
				477BB8FD23DA518A00DBE0A3 /* CIGithubTest.app */,
				477BB91323DA518B00DBE0A3 /* CIGithubTestTests.xctest */,
				477BB91E23DA518B00DBE0A3 /* CIGithubTestUITests.xctest */,
			);
			name = Products;
			sourceTree = "<group>";
		};
		477BB8FF23DA518A00DBE0A3 /* CIGithubTest */ = {
			isa = PBXGroup;
			children = (
				477BB90023DA518A00DBE0A3 /* AppDelegate.swift */,
				477BB90223DA518A00DBE0A3 /* SceneDelegate.swift */,
				477BB90423DA518A00DBE0A3 /* ViewController.swift */,
				477BB90623DA518A00DBE0A3 /* Main.storyboard */,
				477BB90923DA518B00DBE0A3 /* Assets.xcassets */,
				477BB90B23DA518B00DBE0A3 /* LaunchScreen.storyboard */,
				477BB90E23DA518B00DBE0A3 /* Info.plist */,
				477BB93023DA51C700DBE0A3 /* DataManager.swift */,
			);
			path = CIGithubTest;
			sourceTree = "<group>";
		};
		477BB91623DA518B00DBE0A3 /* CIGithubTestTests */ = {
			isa = PBXGroup;
			children = (
				477BB91723DA518B00DBE0A3 /* CIGithubTestTests.swift */,
				477BB91923DA518B00DBE0A3 /* Info.plist */,
			);
			path = CIGithubTestTests;
			sourceTree = "<group>";
		};
		477BB92123DA518B00DBE0A3 /* CIGithubTestUITests */ = {
			isa = PBXGroup;
			children = (
				477BB92223DA518B00DBE0A3 /* CIGithubTestUITests.swift */,
				477BB92423DA518B00DBE0A3 /* Info.plist */,
			);
			path = CIGithubTestUITests;
			sourceTree = "<group>";
		};
/* End PBXGroup section */

/* Begin PBXNativeTarget section */
		477BB8FC23DA518A00DBE0A3 /* CIGithubTest */ = {
			isa = PBXNativeTarget;
			buildConfigurationList = 477BB92723DA518B00DBE0A3 /* Build configuration list for PBXNativeTarget "CIGithubTest" */;
			buildPhases = (
				477BB8F923DA518A00DBE0A3 /* Sources */,
				477BB8FA23DA518A00DBE0A3 /* Frameworks */,
				477BB8FB23DA518A00DBE0A3 /* Resources */,
			);
			buildRules = (
			);
			dependencies = (
			);
			name = CIGithubTest;
			productName = CIGithubTest;
			productReference = 477BB8FD23DA518A00DBE0A3 /* CIGithubTest.app */;
			productType = "com.apple.product-type.application";
		};
		477BB91223DA518B00DBE0A3 /* CIGithubTestTests */ = {
			isa = PBXNativeTarget;
			buildConfigurationList = 477BB92A23DA518B00DBE0A3 /* Build configuration list for PBXNativeTarget "CIGithubTestTests" */;
			buildPhases = (
				477BB90F23DA518B00DBE0A3 /* Sources */,
				477BB91023DA518B00DBE0A3 /* Frameworks */,
				477BB91123DA518B00DBE0A3 /* Resources */,
			);
			buildRules = (
			);
			dependencies = (
				477BB91523DA518B00DBE0A3 /* PBXTargetDependency */,
			);
			name = CIGithubTestTests;
			productName = CIGithubTestTests;
			productReference = 477BB91323DA518B00DBE0A3 /* CIGithubTestTests.xctest */;
			productType = "com.apple.product-type.bundle.unit-test";
		};
		477BB91D23DA518B00DBE0A3 /* CIGithubTestUITests */ = {
			isa = PBXNativeTarget;
			buildConfigurationList = 477BB92D23DA518B00DBE0A3 /* Build configuration list for PBXNativeTarget "CIGithubTestUITests" */;
			buildPhases = (
				477BB91A23DA518B00DBE0A3 /* Sources */,
				477BB91B23DA518B00DBE0A3 /* Frameworks */,
				477BB91C23DA518B00DBE0A3 /* Resources */,
			);
			buildRules = (
			);
			dependencies = (
				477BB92023DA518B00DBE0A3 /* PBXTargetDependency */,
			);
			name = CIGithubTestUITests;
			productName = CIGithubTestUITests;
			productReference = 477BB91E23DA518B00DBE0A3 /* CIGithubTestUITests.xctest */;
			productType = "com.apple.product-type.bundle.ui-testing";
		};
/* End PBXNativeTarget section */

/* Begin PBXProject section */
		477BB8F523DA518A00DBE0A3 /* Project object */ = {
			isa = PBXProject;
			attributes = {
				LastSwiftUpdateCheck = 1130;
				LastUpgradeCheck = 1130;
				ORGANIZATIONNAME = "Wim Tanudjaja";
				TargetAttributes = {
					477BB8FC23DA518A00DBE0A3 = {
						CreatedOnToolsVersion = 11.3.1;
					};
					477BB91223DA518B00DBE0A3 = {
						CreatedOnToolsVersion = 11.3.1;
						TestTargetID = 477BB8FC23DA518A00DBE0A3;
					};
					477BB91D23DA518B00DBE0A3 = {
						CreatedOnToolsVersion = 11.3.1;
						TestTargetID = 477BB8FC23DA518A00DBE0A3;
					};
				};
			};
			buildConfigurationList = 477BB8F823DA518A00DBE0A3 /* Build configuration list for PBXProject "CIGithubTest" */;
			compatibilityVersion = "Xcode 9.3";
			developmentRegion = en;
			hasScannedForEncodings = 0;
			knownRegions = (
				en,
				Base,
			);
			mainGroup = 477BB8F423DA518A00DBE0A3;
			productRefGroup = 477BB8FE23DA518A00DBE0A3 /* Products */;
			projectDirPath = "";
			projectRoot = "";
			targets = (
				477BB8FC23DA518A00DBE0A3 /* CIGithubTest */,
				477BB91223DA518B00DBE0A3 /* CIGithubTestTests */,
				477BB91D23DA518B00DBE0A3 /* CIGithubTestUITests */,
			);
		};
/* End PBXProject section */

/* Begin PBXResourcesBuildPhase section */
		477BB8FB23DA518A00DBE0A3 /* Resources */ = {
			isa = PBXResourcesBuildPhase;
			buildActionMask = 2147483647;
			files = (
				477BB90D23DA518B00DBE0A3 /* LaunchScreen.storyboard in Resources */,
				477BB90A23DA518B00DBE0A3 /* Assets.xcassets in Resources */,
				477BB90823DA518A00DBE0A3 /* Main.storyboard in Resources */,
			);
			runOnlyForDeploymentPostprocessing = 0;
		};
		477BB91123DA518B00DBE0A3 /* Resources */ = {
			isa = PBXResourcesBuildPhase;
			buildActionMask = 2147483647;
			files = (
			);
			runOnlyForDeploymentPostprocessing = 0;
		};
		477BB91C23DA518B00DBE0A3 /* Resources */ = {
			isa = PBXResourcesBuildPhase;
			buildActionMask = 2147483647;
			files = (
			);
			runOnlyForDeploymentPostprocessing = 0;
		};
/* End PBXResourcesBuildPhase section */

/* Begin PBXSourcesBuildPhase section */
		477BB8F923DA518A00DBE0A3 /* Sources */ = {
			isa = PBXSourcesBuildPhase;
			buildActionMask = 2147483647;
			files = (
				477BB90523DA518A00DBE0A3 /* ViewController.swift in Sources */,
				477BB93123DA51C700DBE0A3 /* DataManager.swift in Sources */,
				477BB90123DA518A00DBE0A3 /* AppDelegate.swift in Sources */,
				477BB90323DA518A00DBE0A3 /* SceneDelegate.swift in Sources */,
			);
			runOnlyForDeploymentPostprocessing = 0;
		};
		477BB90F23DA518B00DBE0A3 /* Sources */ = {
			isa = PBXSourcesBuildPhase;
			buildActionMask = 2147483647;
			files = (
				477BB91823DA518B00DBE0A3 /* CIGithubTestTests.swift in Sources */,
				477BB93223DA51C700DBE0A3 /* DataManager.swift in Sources */,
			);
			runOnlyForDeploymentPostprocessing = 0;
		};
		477BB91A23DA518B00DBE0A3 /* Sources */ = {
			isa = PBXSourcesBuildPhase;
			buildActionMask = 2147483647;
			files = (
				477BB92323DA518B00DBE0A3 /* CIGithubTestUITests.swift in Sources */,
				477BB93323DA51C700DBE0A3 /* DataManager.swift in Sources */,
			);
			runOnlyForDeploymentPostprocessing = 0;
		};
/* End PBXSourcesBuildPhase section */

/* Begin PBXTargetDependency section */
		477BB91523DA518B00DBE0A3 /* PBXTargetDependency */ = {
			isa = PBXTargetDependency;
			target = 477BB8FC23DA518A00DBE0A3 /* CIGithubTest */;
			targetProxy = 477BB91423DA518B00DBE0A3 /* PBXContainerItemProxy */;
		};
		477BB92023DA518B00DBE0A3 /* PBXTargetDependency */ = {
			isa = PBXTargetDependency;
			target = 477BB8FC23DA518A00DBE0A3 /* CIGithubTest */;
			targetProxy = 477BB91F23DA518B00DBE0A3 /* PBXContainerItemProxy */;
		};
/* End PBXTargetDependency section */

/* Begin PBXVariantGroup section */
		477BB90623DA518A00DBE0A3 /* Main.storyboard */ = {
			isa = PBXVariantGroup;
			children = (
				477BB90723DA518A00DBE0A3 /* Base */,
			);
			name = Main.storyboard;
			sourceTree = "<group>";
		};
		477BB90B23DA518B00DBE0A3 /* LaunchScreen.storyboard */ = {
			isa = PBXVariantGroup;
			children = (
				477BB90C23DA518B00DBE0A3 /* Base */,
			);
			name = LaunchScreen.storyboard;
			sourceTree = "<group>";
		};
/* End PBXVariantGroup section */

/* Begin XCBuildConfiguration section */
		477BB92523DA518B00DBE0A3 /* Debug */ = {
			isa = XCBuildConfiguration;
			buildSettings = {
				ALWAYS_SEARCH_USER_PATHS = NO;
				CLANG_ANALYZER_NONNULL = YES;
				CLANG_ANALYZER_NUMBER_OBJECT_CONVERSION = YES_AGGRESSIVE;
				CLANG_CXX_LANGUAGE_STANDARD = "gnu++14";
				CLANG_CXX_LIBRARY = "libc++";
				CLANG_ENABLE_MODULES = YES;
				CLANG_ENABLE_OBJC_ARC = YES;
				CLANG_ENABLE_OBJC_WEAK = YES;
				CLANG_WARN_BLOCK_CAPTURE_AUTORELEASING = YES;
				CLANG_WARN_BOOL_CONVERSION = YES;
				CLANG_WARN_COMMA = YES;
				CLANG_WARN_CONSTANT_CONVERSION = YES;
				CLANG_WARN_DEPRECATED_OBJC_IMPLEMENTATIONS = YES;
				CLANG_WARN_DIRECT_OBJC_ISA_USAGE = YES_ERROR;
				CLANG_WARN_DOCUMENTATION_COMMENTS = YES;
				CLANG_WARN_EMPTY_BODY = YES;
				CLANG_WARN_ENUM_CONVERSION = YES;
				CLANG_WARN_INFINITE_RECURSION = YES;
				CLANG_WARN_INT_CONVERSION = YES;
				CLANG_WARN_NON_LITERAL_NULL_CONVERSION = YES;
				CLANG_WARN_OBJC_IMPLICIT_RETAIN_SELF = YES;
				CLANG_WARN_OBJC_LITERAL_CONVERSION = YES;
				CLANG_WARN_OBJC_ROOT_CLASS = YES_ERROR;
				CLANG_WARN_RANGE_LOOP_ANALYSIS = YES;
				CLANG_WARN_STRICT_PROTOTYPES = YES;
				CLANG_WARN_SUSPICIOUS_MOVE = YES;
				CLANG_WARN_UNGUARDED_AVAILABILITY = YES_AGGRESSIVE;
				CLANG_WARN_UNREACHABLE_CODE = YES;
				CLANG_WARN__DUPLICATE_METHOD_MATCH = YES;
				COPY_PHASE_STRIP = NO;
				DEBUG_INFORMATION_FORMAT = dwarf;
				ENABLE_STRICT_OBJC_MSGSEND = YES;
				ENABLE_TESTABILITY = YES;
				GCC_C_LANGUAGE_STANDARD = gnu11;
				GCC_DYNAMIC_NO_PIC = NO;
				GCC_NO_COMMON_BLOCKS = YES;
				GCC_OPTIMIZATION_LEVEL = 0;
				GCC_PREPROCESSOR_DEFINITIONS = (
					"DEBUG=1",
					"$(inherited)",
				);
				GCC_WARN_64_TO_32_BIT_CONVERSION = YES;
				GCC_WARN_ABOUT_RETURN_TYPE = YES_ERROR;
				GCC_WARN_UNDECLARED_SELECTOR = YES;
				GCC_WARN_UNINITIALIZED_AUTOS = YES_AGGRESSIVE;
				GCC_WARN_UNUSED_FUNCTION = YES;
				GCC_WARN_UNUSED_VARIABLE = YES;
				IPHONEOS_DEPLOYMENT_TARGET = 13.2;
				MTL_ENABLE_DEBUG_INFO = INCLUDE_SOURCE;
				MTL_FAST_MATH = YES;
				ONLY_ACTIVE_ARCH = YES;
				SDKROOT = iphoneos;
				SWIFT_ACTIVE_COMPILATION_CONDITIONS = DEBUG;
				SWIFT_OPTIMIZATION_LEVEL = "-Onone";
			};
			name = Debug;
		};
		477BB92623DA518B00DBE0A3 /* Release */ = {
			isa = XCBuildConfiguration;
			buildSettings = {
				ALWAYS_SEARCH_USER_PATHS = NO;
				CLANG_ANALYZER_NONNULL = YES;
				CLANG_ANALYZER_NUMBER_OBJECT_CONVERSION = YES_AGGRESSIVE;
				CLANG_CXX_LANGUAGE_STANDARD = "gnu++14";
				CLANG_CXX_LIBRARY = "libc++";
				CLANG_ENABLE_MODULES = YES;
				CLANG_ENABLE_OBJC_ARC = YES;
				CLANG_ENABLE_OBJC_WEAK = YES;
				CLANG_WARN_BLOCK_CAPTURE_AUTORELEASING = YES;
				CLANG_WARN_BOOL_CONVERSION = YES;
				CLANG_WARN_COMMA = YES;
				CLANG_WARN_CONSTANT_CONVERSION = YES;
				CLANG_WARN_DEPRECATED_OBJC_IMPLEMENTATIONS = YES;
				CLANG_WARN_DIRECT_OBJC_ISA_USAGE = YES_ERROR;
				CLANG_WARN_DOCUMENTATION_COMMENTS = YES;
				CLANG_WARN_EMPTY_BODY = YES;
				CLANG_WARN_ENUM_CONVERSION = YES;
				CLANG_WARN_INFINITE_RECURSION = YES;
				CLANG_WARN_INT_CONVERSION = YES;
				CLANG_WARN_NON_LITERAL_NULL_CONVERSION = YES;
				CLANG_WARN_OBJC_IMPLICIT_RETAIN_SELF = YES;
				CLANG_WARN_OBJC_LITERAL_CONVERSION = YES;
				CLANG_WARN_OBJC_ROOT_CLASS = YES_ERROR;
				CLANG_WARN_RANGE_LOOP_ANALYSIS = YES;
				CLANG_WARN_STRICT_PROTOTYPES = YES;
				CLANG_WARN_SUSPICIOUS_MOVE = YES;
				CLANG_WARN_UNGUARDED_AVAILABILITY = YES_AGGRESSIVE;
				CLANG_WARN_UNREACHABLE_CODE = YES;
				CLANG_WARN__DUPLICATE_METHOD_MATCH = YES;
				COPY_PHASE_STRIP = NO;
				DEBUG_INFORMATION_FORMAT = "dwarf-with-dsym";
				ENABLE_NS_ASSERTIONS = NO;
				ENABLE_STRICT_OBJC_MSGSEND = YES;
				GCC_C_LANGUAGE_STANDARD = gnu11;
				GCC_NO_COMMON_BLOCKS = YES;
				GCC_WARN_64_TO_32_BIT_CONVERSION = YES;
				GCC_WARN_ABOUT_RETURN_TYPE = YES_ERROR;
				GCC_WARN_UNDECLARED_SELECTOR = YES;
				GCC_WARN_UNINITIALIZED_AUTOS = YES_AGGRESSIVE;
				GCC_WARN_UNUSED_FUNCTION = YES;
				GCC_WARN_UNUSED_VARIABLE = YES;
				IPHONEOS_DEPLOYMENT_TARGET = 13.2;
				MTL_ENABLE_DEBUG_INFO = NO;
				MTL_FAST_MATH = YES;
				SDKROOT = iphoneos;
				SWIFT_COMPILATION_MODE = wholemodule;
				SWIFT_OPTIMIZATION_LEVEL = "-O";
				VALIDATE_PRODUCT = YES;
			};
			name = Release;
		};
		477BB92823DA518B00DBE0A3 /* Debug */ = {
			isa = XCBuildConfiguration;
			buildSettings = {
				ASSETCATALOG_COMPILER_APPICON_NAME = AppIcon;
				CODE_SIGN_STYLE = Automatic;
				DEVELOPMENT_TEAM = W2TWPT5XS8;
				INFOPLIST_FILE = CIGithubTest/Info.plist;
				LD_RUNPATH_SEARCH_PATHS = (
					"$(inherited)",
					"@executable_path/Frameworks",
				);
				PRODUCT_BUNDLE_IDENTIFIER = com.appsdeveloper.CIGithubTest;
				PRODUCT_NAME = "$(TARGET_NAME)";
				SWIFT_VERSION = 5.0;
				TARGETED_DEVICE_FAMILY = "1,2";
			};
			name = Debug;
		};
		477BB92923DA518B00DBE0A3 /* Release */ = {
			isa = XCBuildConfiguration;
			buildSettings = {
				ASSETCATALOG_COMPILER_APPICON_NAME = AppIcon;
				CODE_SIGN_STYLE = Automatic;
				DEVELOPMENT_TEAM = W2TWPT5XS8;
				INFOPLIST_FILE = CIGithubTest/Info.plist;
				LD_RUNPATH_SEARCH_PATHS = (
					"$(inherited)",
					"@executable_path/Frameworks",
				);
				PRODUCT_BUNDLE_IDENTIFIER = com.appsdeveloper.CIGithubTest;
				PRODUCT_NAME = "$(TARGET_NAME)";
				SWIFT_VERSION = 5.0;
				TARGETED_DEVICE_FAMILY = "1,2";
			};
			name = Release;
		};
		477BB92B23DA518B00DBE0A3 /* Debug */ = {
			isa = XCBuildConfiguration;
			buildSettings = {
				ALWAYS_EMBED_SWIFT_STANDARD_LIBRARIES = YES;
				BUNDLE_LOADER = "$(TEST_HOST)";
				CODE_SIGN_STYLE = Automatic;
				DEVELOPMENT_TEAM = W2TWPT5XS8;
				INFOPLIST_FILE = CIGithubTestTests/Info.plist;
				IPHONEOS_DEPLOYMENT_TARGET = 13.2;
				LD_RUNPATH_SEARCH_PATHS = (
					"$(inherited)",
					"@executable_path/Frameworks",
					"@loader_path/Frameworks",
				);
				PRODUCT_BUNDLE_IDENTIFIER = com.appsdeveloper.CIGithubTestTests;
				PRODUCT_NAME = "$(TARGET_NAME)";
				SWIFT_VERSION = 5.0;
				TARGETED_DEVICE_FAMILY = "1,2";
				TEST_HOST = "$(BUILT_PRODUCTS_DIR)/CIGithubTest.app/CIGithubTest";
			};
			name = Debug;
		};
		477BB92C23DA518B00DBE0A3 /* Release */ = {
			isa = XCBuildConfiguration;
			buildSettings = {
				ALWAYS_EMBED_SWIFT_STANDARD_LIBRARIES = YES;
				BUNDLE_LOADER = "$(TEST_HOST)";
				CODE_SIGN_STYLE = Automatic;
				DEVELOPMENT_TEAM = W2TWPT5XS8;
				INFOPLIST_FILE = CIGithubTestTests/Info.plist;
				IPHONEOS_DEPLOYMENT_TARGET = 13.2;
				LD_RUNPATH_SEARCH_PATHS = (
					"$(inherited)",
					"@executable_path/Frameworks",
					"@loader_path/Frameworks",
				);
				PRODUCT_BUNDLE_IDENTIFIER = com.appsdeveloper.CIGithubTestTests;
				PRODUCT_NAME = "$(TARGET_NAME)";
				SWIFT_VERSION = 5.0;
				TARGETED_DEVICE_FAMILY = "1,2";
				TEST_HOST = "$(BUILT_PRODUCTS_DIR)/CIGithubTest.app/CIGithubTest";
			};
			name = Release;
		};
		477BB92E23DA518B00DBE0A3 /* Debug */ = {
			isa = XCBuildConfiguration;
			buildSettings = {
				ALWAYS_EMBED_SWIFT_STANDARD_LIBRARIES = YES;
				CODE_SIGN_STYLE = Automatic;
				DEVELOPMENT_TEAM = W2TWPT5XS8;
				INFOPLIST_FILE = CIGithubTestUITests/Info.plist;
				LD_RUNPATH_SEARCH_PATHS = (
					"$(inherited)",
					"@executable_path/Frameworks",
					"@loader_path/Frameworks",
				);
				PRODUCT_BUNDLE_IDENTIFIER = com.appsdeveloper.CIGithubTestUITests;
				PRODUCT_NAME = "$(TARGET_NAME)";
				SWIFT_VERSION = 5.0;
				TARGETED_DEVICE_FAMILY = "1,2";
				TEST_TARGET_NAME = CIGithubTest;
			};
			name = Debug;
		};
		477BB92F23DA518B00DBE0A3 /* Release */ = {
			isa = XCBuildConfiguration;
			buildSettings = {
				ALWAYS_EMBED_SWIFT_STANDARD_LIBRARIES = YES;
				CODE_SIGN_STYLE = Automatic;
				DEVELOPMENT_TEAM = W2TWPT5XS8;
				INFOPLIST_FILE = CIGithubTestUITests/Info.plist;
				LD_RUNPATH_SEARCH_PATHS = (
					"$(inherited)",
					"@executable_path/Frameworks",
					"@loader_path/Frameworks",
				);
				PRODUCT_BUNDLE_IDENTIFIER = com.appsdeveloper.CIGithubTestUITests;
				PRODUCT_NAME = "$(TARGET_NAME)";
				SWIFT_VERSION = 5.0;
				TARGETED_DEVICE_FAMILY = "1,2";
				TEST_TARGET_NAME = CIGithubTest;
			};
			name = Release;
		};
/* End XCBuildConfiguration section */

/* Begin XCConfigurationList section */
		477BB8F823DA518A00DBE0A3 /* Build configuration list for PBXProject "CIGithubTest" */ = {
			isa = XCConfigurationList;
			buildConfigurations = (
				477BB92523DA518B00DBE0A3 /* Debug */,
				477BB92623DA518B00DBE0A3 /* Release */,
			);
			defaultConfigurationIsVisible = 0;
			defaultConfigurationName = Release;
		};
		477BB92723DA518B00DBE0A3 /* Build configuration list for PBXNativeTarget "CIGithubTest" */ = {
			isa = XCConfigurationList;
			buildConfigurations = (
				477BB92823DA518B00DBE0A3 /* Debug */,
				477BB92923DA518B00DBE0A3 /* Release */,
			);
			defaultConfigurationIsVisible = 0;
			defaultConfigurationName = Release;
		};
		477BB92A23DA518B00DBE0A3 /* Build configuration list for PBXNativeTarget "CIGithubTestTests" */ = {
			isa = XCConfigurationList;
			buildConfigurations = (
				477BB92B23DA518B00DBE0A3 /* Debug */,
				477BB92C23DA518B00DBE0A3 /* Release */,
			);
			defaultConfigurationIsVisible = 0;
			defaultConfigurationName = Release;
		};
		477BB92D23DA518B00DBE0A3 /* Build configuration list for PBXNativeTarget "CIGithubTestUITests" */ = {
			isa = XCConfigurationList;
			buildConfigurations = (
				477BB92E23DA518B00DBE0A3 /* Debug */,
				477BB92F23DA518B00DBE0A3 /* Release */,
			);
			defaultConfigurationIsVisible = 0;
			defaultConfigurationName = Release;
		};
/* End XCConfigurationList section */
	};
	rootObject = 477BB8F523DA518A00DBE0A3 /* Project object */;
}
